
Microsoft Visual Studio Solution File, Format Version 12.00
# Visual Studio Version 16
VisualStudioVersion = 16.0.29215.179
MinimumVisualStudioVersion = 10.0.40219.1
Project("{FAE04EC0-301F-11D3-BF4B-00C04F79EFBC}") = "projectliber8", "projectliber8\projectliber8.csproj", "{8946F81C-39F1-4787-B50B-0A534EB55D06}"
EndProject
Global
	GlobalSection(SolutionConfigurationPlatforms) = preSolution
		Debug|Any CPU = Debug|Any CPU
		Release|Any CPU = Release|Any CPU
	EndGlobalSection
	GlobalSection(ProjectConfigurationPlatforms) = postSolution
		{8946F81C-39F1-4787-B50B-0A534EB55D06}.Debug|Any CPU.ActiveCfg = Debug|Any CPU
		{8946F81C-39F1-4787-B50B-0A534EB55D06}.Debug|Any CPU.Build.0 = Debug|Any CPU
		{8946F81C-39F1-4787-B50B-0A534EB55D06}.Release|Any CPU.ActiveCfg = Release|Any CPU
		{8946F81C-39F1-4787-B50B-0A534EB55D06}.Release|Any CPU.Build.0 = Release|Any CPU
	EndGlobalSection
	GlobalSection(SolutionProperties) = preSolution
		HideSolutionNode = FALSE
	EndGlobalSection
	GlobalSection(ExtensibilityGlobals) = postSolution
		SolutionGuid = {1B2CF9E7-2E49-48B9-934F-DADBC49ACEF8}
	EndGlobalSection
EndGlobal
